
Microsoft Visual Studio Solution File, Format Version 12.00
# Visual Studio Version 17
VisualStudioVersion = 17.9.34701.34
MinimumVisualStudioVersion = 10.0.40219.1
Project("{FAE04EC0-301F-11D3-BF4B-00C04F79EFBC}") = "Tic-Tac-ToeGame", "Tic-Tac-ToeGame\Tic-Tac-ToeGame.csproj", "{C7C8960C-C59C-4CED-BEE6-D0691015CE9A}"
EndProject
Global
	GlobalSection(SolutionConfigurationPlatforms) = preSolution
		Debug|Any CPU = Debug|Any CPU
		Release|Any CPU = Release|Any CPU
	EndGlobalSection
	GlobalSection(ProjectConfigurationPlatforms) = postSolution
		{C7C8960C-C59C-4CED-BEE6-D0691015CE9A}.Debug|Any CPU.ActiveCfg = Debug|Any CPU
		{C7C8960C-C59C-4CED-BEE6-D0691015CE9A}.Debug|Any CPU.Build.0 = Debug|Any CPU
		{C7C8960C-C59C-4CED-BEE6-D0691015CE9A}.Release|Any CPU.ActiveCfg = Release|Any CPU
		{C7C8960C-C59C-4CED-BEE6-D0691015CE9A}.Release|Any CPU.Build.0 = Release|Any CPU
	EndGlobalSection
	GlobalSection(SolutionProperties) = preSolution
		HideSolutionNode = FALSE
	EndGlobalSection
	GlobalSection(ExtensibilityGlobals) = postSolution
		SolutionGuid = {6087D5FB-5407-41D0-B0E6-9FFE1009BBC3}
	EndGlobalSection
EndGlobal
